
Microsoft Visual Studio Solution File, Format Version 12.00
# Visual Studio Version 17
VisualStudioVersion = 17.14.36518.9 d17.14
MinimumVisualStudioVersion = 10.0.40219.1
Project("{FAE04EC0-301F-11D3-BF4B-00C04F79EFBC}") = "MainLauncher", "MainLauncher\MainLauncher.csproj", "{AAF0305C-840F-4C92-9AC4-94471C0DC267}"
EndProject
Project("{FAE04EC0-301F-11D3-BF4B-00C04F79EFBC}") = "Firstform", "..\Firstform\Firstform\Firstform.csproj", "{883C292D-6820-FD03-8FE2-7FFCEF2FC7F7}"
EndProject
Project("{FAE04EC0-301F-11D3-BF4B-00C04F79EFBC}") = "student", "..\student\student\student.csproj", "{6C497565-4B6F-5DB3-98E7-8A220F514809}"
EndProject
Project("{FAE04EC0-301F-11D3-BF4B-00C04F79EFBC}") = "Booksystem", "..\Booksystem\Booksystem\Booksystem.csproj", "{CA38C69B-AC06-9E19-55B2-D7C9AEBCEA84}"
EndProject
Project("{FAE04EC0-301F-11D3-BF4B-00C04F79EFBC}") = "calculator", "..\calculator\calculator\calculator.csproj", "{55779B6F-74AA-406D-9063-3675E1B28512}"
EndProject
Global
	GlobalSection(SolutionConfigurationPlatforms) = preSolution
		Debug|Any CPU = Debug|Any CPU
		Release|Any CPU = Release|Any CPU
	EndGlobalSection
	GlobalSection(ProjectConfigurationPlatforms) = postSolution
		{AAF0305C-840F-4C92-9AC4-94471C0DC267}.Debug|Any CPU.ActiveCfg = Debug|Any CPU
		{AAF0305C-840F-4C92-9AC4-94471C0DC267}.Debug|Any CPU.Build.0 = Debug|Any CPU
		{AAF0305C-840F-4C92-9AC4-94471C0DC267}.Release|Any CPU.ActiveCfg = Release|Any CPU
		{AAF0305C-840F-4C92-9AC4-94471C0DC267}.Release|Any CPU.Build.0 = Release|Any CPU
		{883C292D-6820-FD03-8FE2-7FFCEF2FC7F7}.Debug|Any CPU.ActiveCfg = Debug|Any CPU
		{883C292D-6820-FD03-8FE2-7FFCEF2FC7F7}.Debug|Any CPU.Build.0 = Debug|Any CPU
		{883C292D-6820-FD03-8FE2-7FFCEF2FC7F7}.Release|Any CPU.ActiveCfg = Release|Any CPU
		{883C292D-6820-FD03-8FE2-7FFCEF2FC7F7}.Release|Any CPU.Build.0 = Release|Any CPU
		{6C497565-4B6F-5DB3-98E7-8A220F514809}.Debug|Any CPU.ActiveCfg = Debug|Any CPU
		{6C497565-4B6F-5DB3-98E7-8A220F514809}.Debug|Any CPU.Build.0 = Debug|Any CPU
		{6C497565-4B6F-5DB3-98E7-8A220F514809}.Release|Any CPU.ActiveCfg = Release|Any CPU
		{6C497565-4B6F-5DB3-98E7-8A220F514809}.Release|Any CPU.Build.0 = Release|Any CPU
		{CA38C69B-AC06-9E19-55B2-D7C9AEBCEA84}.Debug|Any CPU.ActiveCfg = Debug|Any CPU
		{CA38C69B-AC06-9E19-55B2-D7C9AEBCEA84}.Debug|Any CPU.Build.0 = Debug|Any CPU
		{CA38C69B-AC06-9E19-55B2-D7C9AEBCEA84}.Release|Any CPU.ActiveCfg = Release|Any CPU
		{CA38C69B-AC06-9E19-55B2-D7C9AEBCEA84}.Release|Any CPU.Build.0 = Release|Any CPU
		{55779B6F-74AA-406D-9063-3675E1B28512}.Debug|Any CPU.ActiveCfg = Debug|Any CPU
		{55779B6F-74AA-406D-9063-3675E1B28512}.Debug|Any CPU.Build.0 = Debug|Any CPU
		{55779B6F-74AA-406D-9063-3675E1B28512}.Release|Any CPU.ActiveCfg = Release|Any CPU
		{55779B6F-74AA-406D-9063-3675E1B28512}.Release|Any CPU.Build.0 = Release|Any CPU
	EndGlobalSection
	GlobalSection(SolutionProperties) = preSolution
		HideSolutionNode = FALSE
	EndGlobalSection
	GlobalSection(ExtensibilityGlobals) = postSolution
		SolutionGuid = {90A12ABC-5422-43A6-A1A4-BD2FDAA2D236}
	EndGlobalSection
EndGlobal
